{
  "version": 1,
  "dependencies": {
    "net8.0-windows10.0.19041": {
      "sparkdash.desktoptile.core": {
        "type": "Project"
      },
      "sparkdash.statuscore": {
        "type": "Project"
      }
    },
    "net8.0-windows10.0.19041/win-arm64": {},
    "net8.0-windows10.0.19041/win-x64": {}
  }
}